
Microsoft Visual Studio Solution File, Format Version 12.00
# Visual Studio 2013
VisualStudioVersion = 12.0.21005.1
MinimumVisualStudioVersion = 10.0.40219.1
Project("{FAE04EC0-301F-11D3-BF4B-00C04F79EFBC}") = "MG", "index\MG.csproj", "{0BF8E19B-A28C-4438-B8E9-D25749B47D3B}"
EndProject
Project("{2150E333-8FDC-42A3-9474-1A3956D46DE8}") = "ProjectFolder", "ProjectFolder", "{CF894DB9-2B6F-4A8A-B42F-24B5D9CEFF18}"
EndProject
Project("{2150E333-8FDC-42A3-9474-1A3956D46DE8}") = ".nuget", ".nuget", "{0066710A-2A1D-4D17-8843-A13D3D256B91}"
	ProjectSection(SolutionItems) = preProject
		.nuget\packages.config = .nuget\packages.config
	EndProjectSection
EndProject
Global
	GlobalSection(SolutionConfigurationPlatforms) = preSolution
		Debug|Any CPU = Debug|Any CPU
		Release|Any CPU = Release|Any CPU
	EndGlobalSection
	GlobalSection(ProjectConfigurationPlatforms) = postSolution
		{0BF8E19B-A28C-4438-B8E9-D25749B47D3B}.Debug|Any CPU.ActiveCfg = Debug|Any CPU
		{0BF8E19B-A28C-4438-B8E9-D25749B47D3B}.Debug|Any CPU.Build.0 = Debug|Any CPU
		{0BF8E19B-A28C-4438-B8E9-D25749B47D3B}.Release|Any CPU.ActiveCfg = Release|Any CPU
		{0BF8E19B-A28C-4438-B8E9-D25749B47D3B}.Release|Any CPU.Build.0 = Release|Any CPU
	EndGlobalSection
	GlobalSection(SolutionProperties) = preSolution
		HideSolutionNode = FALSE
	EndGlobalSection
	GlobalSection(NestedProjects) = preSolution
		{0BF8E19B-A28C-4438-B8E9-D25749B47D3B} = {CF894DB9-2B6F-4A8A-B42F-24B5D9CEFF18}
	EndGlobalSection
EndGlobal
